
Microsoft Visual Studio Solution File, Format Version 12.00
# Visual Studio Version 17
VisualStudioVersion = 17.4.33110.190
MinimumVisualStudioVersion = 10.0.40219.1
Project("{FAE04EC0-301F-11D3-BF4B-00C04F79EFBC}") = "MVCCrudoperations", "MVCCrudoperations\MVCCrudoperations.csproj", "{AAAC5EF0-9EF4-42A6-93BF-5DD5BA98B08F}"
EndProject
Global
	GlobalSection(SolutionConfigurationPlatforms) = preSolution
		Debug|Any CPU = Debug|Any CPU
		Release|Any CPU = Release|Any CPU
	EndGlobalSection
	GlobalSection(ProjectConfigurationPlatforms) = postSolution
		{AAAC5EF0-9EF4-42A6-93BF-5DD5BA98B08F}.Debug|Any CPU.ActiveCfg = Debug|Any CPU
		{AAAC5EF0-9EF4-42A6-93BF-5DD5BA98B08F}.Debug|Any CPU.Build.0 = Debug|Any CPU
		{AAAC5EF0-9EF4-42A6-93BF-5DD5BA98B08F}.Release|Any CPU.ActiveCfg = Release|Any CPU
		{AAAC5EF0-9EF4-42A6-93BF-5DD5BA98B08F}.Release|Any CPU.Build.0 = Release|Any CPU
	EndGlobalSection
	GlobalSection(SolutionProperties) = preSolution
		HideSolutionNode = FALSE
	EndGlobalSection
	GlobalSection(ExtensibilityGlobals) = postSolution
		SolutionGuid = {220BF075-79DB-486C-B510-DC9939BE43C8}
	EndGlobalSection
EndGlobal
